<?xml version="1.0" encoding="utf-8"?>
<Project ToolsVersion="4.0" xmlns="http://schemas.microsoft.com/developer/msbuild/2003">
  <ItemGroup>
    <Filter Include="Source Files">
      <UniqueIdentifier>{4FC737F1-C7A5-4376-A066-2A32D752A2FF}</UniqueIdentifier>
      <Extensions>cpp;c;cc;cxx;def;odl;idl;hpj;bat;asm;asmx</Extensions>
    </Filter>
    <Filter Include="Header Files">
      <UniqueIdentifier>{93995380-89BD-4b04-88EB-625FBE52EBFB}</UniqueIdentifier>
      <Extensions>h;hpp;hxx;hm;inl;inc;xsd</Extensions>
    </Filter>
    <Filter Include="Shader">
      <UniqueIdentifier>{67DA6AB6-F800-4c08-8B7A-83BB121AAD01}</UniqueIdentifier>
      <Extensions>rc;ico;cur;bmp;dlg;rc2;rct;bin;rgs;gif;jpg;jpeg;jpe;resx;tiff;tif;png;wav;mfcribbon-ms</Extensions>
    </Filter>
    <Filter Include="2D">
      <UniqueIdentifier>{78a69225-fe6f-4174-b4c6-ada9c7bd7b5a}</UniqueIdentifier>
    </Filter>
    <Filter Include="Game State Management">
      <UniqueIdentifier>{4e173e42-c6da-49ea-8a39-208f43f9f415}</UniqueIdentifier>
    </Filter>
    <Filter Include="Game State Management\H">
      <UniqueIdentifier>{ef92487b-4e8d-4838-a993-f378654e77e2}</UniqueIdentifier>
    </Filter>
    <Filter Include="Game State Management\CPP">
      <UniqueIdentifier>{4145ee11-4552-40f4-9650-c6daed9f193c}</UniqueIdentifier>
    </Filter>
    <Filter Include="SceneGraph">
      <UniqueIdentifier>{57aa99ca-a7ad-456c-90c9-077d36bbd3c1}</UniqueIdentifier>
    </Filter>
    <Filter Include="SceneGraph\H">
      <UniqueIdentifier>{8b18a5a6-34f4-40fc-a7b3-4bb0c820397c}</UniqueIdentifier>
    </Filter>
    <Filter Include="SceneGraph\CPP">
      <UniqueIdentifier>{59884806-4d2c-4360-84c3-3a29c8ffdbf2}</UniqueIdentifier>
    </Filter>
    <Filter Include="Spatial Partition">
      <UniqueIdentifier>{901e1978-2bc3-4202-b3ee-ede7fcbb1f74}</UniqueIdentifier>
    </Filter>
    <Filter Include="Spatial Partition\Source">
      <UniqueIdentifier>{510f2252-0a68-4c8b-875a-9d8aefcd26e9}</UniqueIdentifier>
    </Filter>
    <Filter Include="Spatial Partition\Header">
      <UniqueIdentifier>{fcd0ecc0-18f3-4a37-b1cf-f1ec17986b7a}</UniqueIdentifier>
    </Filter>
    <Filter Include="AI Classes">
      <UniqueIdentifier>{daa88396-8a07-4235-9125-85560cf5171f}</UniqueIdentifier>
    </Filter>
    <Filter Include="AI Classes\Tank">
      <UniqueIdentifier>{c2be1ae5-ac6e-47b3-a285-122d2ef85e6e}</UniqueIdentifier>
    </Filter>
    <Filter Include="SceneNodeID">
      <UniqueIdentifier>{6a741198-24fc-4a14-b235-23f790ed9d34}</UniqueIdentifier>
    </Filter>
    <Filter Include="AI Classes\Boss">
      <UniqueIdentifier>{55f43248-dcdf-4e92-b2d9-0d7ab4d878c4}</UniqueIdentifier>
    </Filter>
    <Filter Include="AI Classes\DPS">
      <UniqueIdentifier>{956e18ed-5efa-474f-b0e9-bd291a2971f3}</UniqueIdentifier>
    </Filter>
  </ItemGroup>
  <ItemGroup>
    <ClCompile Include="Source\Application.cpp">
      <Filter>Source Files</Filter>
    </ClCompile>
    <ClCompile Include="Source\main.cpp">
      <Filter>Source Files</Filter>
    </ClCompile>
    <ClCompile Include="Source\shader.cpp">
      <Filter>Source Files</Filter>
    </ClCompile>
    <ClCompile Include="Source\Mesh.cpp">
      <Filter>Source Files</Filter>
    </ClCompile>
    <ClCompile Include="Source\Camera.cpp">
      <Filter>Source Files</Filter>
    </ClCompile>
    <ClCompile Include="Source\MeshBuilder.cpp">
      <Filter>Source Files</Filter>
    </ClCompile>
    <ClCompile Include="Source\Utility.cpp">
      <Filter>Source Files</Filter>
    </ClCompile>
    <ClCompile Include="Source\LoadTGA.cpp">
      <Filter>Source Files</Filter>
    </ClCompile>
    <ClCompile Include="Source\Camera3.cpp">
      <Filter>Source Files</Filter>
    </ClCompile>
    <ClCompile Include="Source\LoadOBJ.cpp">
      <Filter>Source Files</Filter>
    </ClCompile>
    <ClCompile Include="Source\Map.cpp">
      <Filter>Source Files</Filter>
    </ClCompile>
    <ClCompile Include="Source\Strategy.cpp">
      <Filter>Source Files</Filter>
    </ClCompile>
    <ClCompile Include="Source\Strategy_Kill.cpp">
      <Filter>Source Files</Filter>
    </ClCompile>
    <ClCompile Include="Source\TreasureChest.cpp">
      <Filter>2D</Filter>
    </ClCompile>
    <ClCompile Include="Source\Goodies.cpp">
      <Filter>2D</Filter>
    </ClCompile>
    <ClCompile Include="Source\GoodiesFactory.cpp">
      <Filter>2D</Filter>
    </ClCompile>
    <ClCompile Include="Source\Enemy.cpp">
      <Filter>2D</Filter>
    </ClCompile>
    <ClCompile Include="Source\Minimap.cpp">
      <Filter>2D</Filter>
    </ClCompile>
    <ClCompile Include="Source\SceneManager.cpp">
      <Filter>Source Files</Filter>
    </ClCompile>
    <ClCompile Include="Source\SceneManager2D.cpp">
      <Filter>Source Files</Filter>
    </ClCompile>
    <ClCompile Include="Source\PlayerInfo.cpp">
      <Filter>2D</Filter>
    </ClCompile>
    <ClCompile Include="Source\PlayInfo3PV.cpp">
      <Filter>Source Files</Filter>
    </ClCompile>
    <ClCompile Include="Source\PlayState.cpp">
      <Filter>Game State Management\CPP</Filter>
    </ClCompile>
    <ClCompile Include="Source\IntroState.cpp">
      <Filter>Game State Management\CPP</Filter>
    </ClCompile>
    <ClCompile Include="Source\MenuState.cpp">
      <Filter>Game State Management\CPP</Filter>
    </ClCompile>
    <ClCompile Include="Source\GameStateManager.cpp">
      <Filter>Game State Management\CPP</Filter>
    </ClCompile>
    <ClCompile Include="Source\SceneManagerMenu.cpp">
      <Filter>Source Files</Filter>
    </ClCompile>
    <ClCompile Include="Source\Model.cpp">
      <Filter>SceneGraph\CPP</Filter>
    </ClCompile>
    <ClCompile Include="Source\Node.cpp">
      <Filter>SceneGraph\CPP</Filter>
    </ClCompile>
    <ClCompile Include="Source\SceneNode.cpp">
      <Filter>SceneGraph\CPP</Filter>
    </ClCompile>
    <ClCompile Include="Source\Transform.cpp">
      <Filter>SceneGraph\CPP</Filter>
    </ClCompile>
    <ClCompile Include="Source\SpatialPartition\Grid.cpp">
      <Filter>Spatial Partition\Source</Filter>
    </ClCompile>
    <ClCompile Include="Source\SpatialPartition\SpatialPartition.cpp">
      <Filter>Spatial Partition\Source</Filter>
    </ClCompile>
    <ClCompile Include="Source\AI Classes\AI Parent.cpp">
      <Filter>AI Classes</Filter>
    </ClCompile>
    <ClCompile Include="Source\AI Classes\TankAI.cpp">
      <Filter>AI Classes\Tank</Filter>
    </ClCompile>
    <ClCompile Include="Source\AI Classes\Boss.cpp">
      <Filter>AI Classes\Boss</Filter>
    </ClCompile>
  </ItemGroup>
  <ItemGroup>
    <ClInclude Include="Source\Application.h">
      <Filter>Header Files</Filter>
    </ClInclude>
    <ClInclude Include="Source\Scene.h">
      <Filter>Header Files</Filter>
    </ClInclude>
    <ClInclude Include="Source\Geometry.h">
      <Filter>Header Files</Filter>
    </ClInclude>
    <ClInclude Include="Source\shader.hpp">
      <Filter>Header Files</Filter>
    </ClInclude>
    <ClInclude Include="Source\Camera.h">
      <Filter>Header Files</Filter>
    </ClInclude>
    <ClInclude Include="Source\Mesh.h">
      <Filter>Header Files</Filter>
    </ClInclude>
    <ClInclude Include="Source\Vertex.h">
      <Filter>Header Files</Filter>
    </ClInclude>
    <ClInclude Include="Source\MeshBuilder.h">
      <Filter>Header Files</Filter>
    </ClInclude>
    <ClInclude Include="Source\Light.h">
      <Filter>Header Files</Filter>
    </ClInclude>
    <ClInclude Include="Source\Utility.h">
      <Filter>Header Files</Filter>
    </ClInclude>
    <ClInclude Include="Source\Material.h">
      <Filter>Header Files</Filter>
    </ClInclude>
    <ClInclude Include="Source\LoadTGA.h">
      <Filter>Header Files</Filter>
    </ClInclude>
    <ClInclude Include="Source\Camera3.h">
      <Filter>Header Files</Filter>
    </ClInclude>
    <ClInclude Include="Source\LoadOBJ.h">
      <Filter>Header Files</Filter>
    </ClInclude>
    <ClInclude Include="Source\Map.h">
      <Filter>Header Files</Filter>
    </ClInclude>
    <ClInclude Include="Source\Strategy.h">
      <Filter>Header Files</Filter>
    </ClInclude>
    <ClInclude Include="Source\Strategy_Kill.h">
      <Filter>Header Files</Filter>
    </ClInclude>
    <ClInclude Include="Source\Goodies.h">
      <Filter>2D</Filter>
    </ClInclude>
    <ClInclude Include="Source\GoodiesFactory.h">
      <Filter>2D</Filter>
    </ClInclude>
    <ClInclude Include="Source\TreasureChest.h">
      <Filter>2D</Filter>
    </ClInclude>
    <ClInclude Include="Source\Enemy.h">
      <Filter>2D</Filter>
    </ClInclude>
    <ClInclude Include="Source\Minimap.h">
      <Filter>2D</Filter>
    </ClInclude>
    <ClInclude Include="Source\SceneManager.h">
      <Filter>Header Files</Filter>
    </ClInclude>
    <ClInclude Include="Source\SceneManager2D.h">
      <Filter>Header Files</Filter>
    </ClInclude>
    <ClInclude Include="Source\PlayerInfo.h">
      <Filter>2D</Filter>
    </ClInclude>
    <ClInclude Include="Source\PlayInfo3PV.h">
      <Filter>Header Files</Filter>
    </ClInclude>
    <ClInclude Include="Source\GameState.h">
      <Filter>Game State Management\H</Filter>
    </ClInclude>
    <ClInclude Include="Source\GameStateManager.h">
      <Filter>Game State Management\H</Filter>
    </ClInclude>
    <ClInclude Include="Source\IntroState.h">
      <Filter>Game State Management\H</Filter>
    </ClInclude>
    <ClInclude Include="Source\MenuState.h">
      <Filter>Game State Management\H</Filter>
    </ClInclude>
    <ClInclude Include="Source\PlayState.h">
      <Filter>Game State Management\H</Filter>
    </ClInclude>
    <ClInclude Include="Source\SceneManagerMenu.h">
      <Filter>Header Files</Filter>
    </ClInclude>
    <ClInclude Include="Source\Model.h">
      <Filter>SceneGraph\H</Filter>
    </ClInclude>
    <ClInclude Include="Source\Node.h">
      <Filter>SceneGraph\H</Filter>
    </ClInclude>
    <ClInclude Include="Source\SceneNode.h">
      <Filter>SceneGraph\H</Filter>
    </ClInclude>
    <ClInclude Include="Source\Transform.h">
      <Filter>SceneGraph\H</Filter>
    </ClInclude>
    <ClInclude Include="Source\SpatialPartition\Grid.h">
      <Filter>Spatial Partition\Header</Filter>
    </ClInclude>
    <ClInclude Include="Source\SpatialPartition\SpatialPartition.h">
      <Filter>Spatial Partition\Header</Filter>
    </ClInclude>
    <ClInclude Include="Source\AI Classes\AI Parent.h">
      <Filter>AI Classes</Filter>
    </ClInclude>
    <ClInclude Include="Source\AI Classes\TankAI.h">
      <Filter>AI Classes\Tank</Filter>
    </ClInclude>
    <ClInclude Include="Source\SceneNodeID.h">
      <Filter>SceneNodeID</Filter>
    </ClInclude>
    <ClInclude Include="Source\AI Classes\Boss.h">
      <Filter>AI Classes\Boss</Filter>
    </ClInclude>
  </ItemGroup>
</Project>